{
  "requires": true,
  "lockfileVersion": 1,
  "dependencies": {
    "buefy": {
      "version": "0.4.5",
      "resolved": "https://registry.npmjs.org/buefy/-/buefy-0.4.5.tgz",
      "integrity": "sha512-l+IoU7/OYdiWdKL1ecbE0GnrImr399md0qcORz71MCiZK1YJri42RsPkPDvgQ/dO2EiEJpUp1mLgH7FFrUk63Q==",
      "requires": {
        "bulma": "0.4.3",
        "vue": "2.4.1"
      }
    },
    "bulma": {
      "version": "0.4.3",
      "resolved": "https://registry.npmjs.org/bulma/-/bulma-0.4.3.tgz",
      "integrity": "sha1-Bg2mNLV57ZnXzt8CUdniHh9cdw0="
    },
    "vue": {
      "version": "2.4.1",
      "resolved": "https://registry.npmjs.org/vue/-/vue-2.4.1.tgz",
      "integrity": "sha512-V/3mbqPeXJf+AEdm2Qdrho8ADjN2/Th+q7abrDqQrGaERgtlGPLe8SRLDzJ2eNEV4Gh+L8T/vfbxb2sLUfwYbA=="
    }
  }
}
